
Microsoft Visual Studio Solution File, Format Version 12.00
# Visual Studio Version 17
VisualStudioVersion = 17.5.33530.505
MinimumVisualStudioVersion = 10.0.40219.1
Project("{FAE04EC0-301F-11D3-BF4B-00C04F79EFBC}") = "BookShop", "BookShop.csproj", "{AEC5FDBF-E321-42CA-9DB9-22DF6D876EFD}"
EndProject
Global
	GlobalSection(SolutionConfigurationPlatforms) = preSolution
		Debug|Any CPU = Debug|Any CPU
		Release|Any CPU = Release|Any CPU
	EndGlobalSection
	GlobalSection(ProjectConfigurationPlatforms) = postSolution
		{AEC5FDBF-E321-42CA-9DB9-22DF6D876EFD}.Debug|Any CPU.ActiveCfg = Debug|Any CPU
		{AEC5FDBF-E321-42CA-9DB9-22DF6D876EFD}.Debug|Any CPU.Build.0 = Debug|Any CPU
		{AEC5FDBF-E321-42CA-9DB9-22DF6D876EFD}.Release|Any CPU.ActiveCfg = Release|Any CPU
		{AEC5FDBF-E321-42CA-9DB9-22DF6D876EFD}.Release|Any CPU.Build.0 = Release|Any CPU
	EndGlobalSection
	GlobalSection(SolutionProperties) = preSolution
		HideSolutionNode = FALSE
	EndGlobalSection
	GlobalSection(ExtensibilityGlobals) = postSolution
		SolutionGuid = {642FFF9A-8B94-4F1F-BD0B-811E74BBBC26}
	EndGlobalSection
EndGlobal
